
Microsoft Visual Studio Solution File, Format Version 12.00
# Visual Studio Version 17
VisualStudioVersion = 17.9.34728.123
MinimumVisualStudioVersion = 10.0.40219.1
Project("{FAE04EC0-301F-11D3-BF4B-00C04F79EFBC}") = "Library.Communication", "Library.Communication\Library.Communication.csproj", "{592F9499-FAA0-4176-B0FC-C0C620ACA3FD}"
EndProject
Project("{FAE04EC0-301F-11D3-BF4B-00C04F79EFBC}") = "Library.Application", "Library.Application\Library.Application.csproj", "{427E106F-DC0C-4EDC-A1D4-0B23FBF368D1}"
EndProject
Project("{FAE04EC0-301F-11D3-BF4B-00C04F79EFBC}") = "Library.API", "Library.API\Library.API.csproj", "{BF85A2EF-B57B-4EB0-8309-FD68FF837164}"
EndProject
Global
	GlobalSection(SolutionConfigurationPlatforms) = preSolution
		Debug|Any CPU = Debug|Any CPU
		Release|Any CPU = Release|Any CPU
	EndGlobalSection
	GlobalSection(ProjectConfigurationPlatforms) = postSolution
		{592F9499-FAA0-4176-B0FC-C0C620ACA3FD}.Debug|Any CPU.ActiveCfg = Debug|Any CPU
		{592F9499-FAA0-4176-B0FC-C0C620ACA3FD}.Debug|Any CPU.Build.0 = Debug|Any CPU
		{592F9499-FAA0-4176-B0FC-C0C620ACA3FD}.Release|Any CPU.ActiveCfg = Release|Any CPU
		{592F9499-FAA0-4176-B0FC-C0C620ACA3FD}.Release|Any CPU.Build.0 = Release|Any CPU
		{427E106F-DC0C-4EDC-A1D4-0B23FBF368D1}.Debug|Any CPU.ActiveCfg = Debug|Any CPU
		{427E106F-DC0C-4EDC-A1D4-0B23FBF368D1}.Debug|Any CPU.Build.0 = Debug|Any CPU
		{427E106F-DC0C-4EDC-A1D4-0B23FBF368D1}.Release|Any CPU.ActiveCfg = Release|Any CPU
		{427E106F-DC0C-4EDC-A1D4-0B23FBF368D1}.Release|Any CPU.Build.0 = Release|Any CPU
		{BF85A2EF-B57B-4EB0-8309-FD68FF837164}.Debug|Any CPU.ActiveCfg = Debug|Any CPU
		{BF85A2EF-B57B-4EB0-8309-FD68FF837164}.Debug|Any CPU.Build.0 = Debug|Any CPU
		{BF85A2EF-B57B-4EB0-8309-FD68FF837164}.Release|Any CPU.ActiveCfg = Release|Any CPU
		{BF85A2EF-B57B-4EB0-8309-FD68FF837164}.Release|Any CPU.Build.0 = Release|Any CPU
	EndGlobalSection
	GlobalSection(SolutionProperties) = preSolution
		HideSolutionNode = FALSE
	EndGlobalSection
	GlobalSection(ExtensibilityGlobals) = postSolution
		SolutionGuid = {0751CE72-6D2E-47FF-BEEE-7013C98153A8}
	EndGlobalSection
EndGlobal
